// !$*UTF8*$!
{
	archiveVersion = 1;
	classes = {
	};
	objectVersion = 50;
	objects = {

/* Begin PBXBuildFile section */
		171ECA0F2360D6E900CF4E5B /* DelMe.swift in Sources */ = {isa = PBXBuildFile; fileRef = 171ECA0E2360D6E900CF4E5B /* DelMe.swift */; };
		AA7DE86F2360D1E3007D1715 /* AppDelegate.swift in Sources */ = {isa = PBXBuildFile; fileRef = AA7DE86E2360D1E3007D1715 /* AppDelegate.swift */; };
		AA7DE8712360D1E3007D1715 /* GameScene.sks in Resources */ = {isa = PBXBuildFile; fileRef = AA7DE8702360D1E3007D1715 /* GameScene.sks */; };
		AA7DE8732360D1E3007D1715 /* Actions.sks in Resources */ = {isa = PBXBuildFile; fileRef = AA7DE8722360D1E3007D1715 /* Actions.sks */; };
		AA7DE8752360D1E3007D1715 /* GameScene.swift in Sources */ = {isa = PBXBuildFile; fileRef = AA7DE8742360D1E3007D1715 /* GameScene.swift */; };
		AA7DE8772360D1E3007D1715 /* GameViewController.swift in Sources */ = {isa = PBXBuildFile; fileRef = AA7DE8762360D1E3007D1715 /* GameViewController.swift */; };
		AA7DE87A2360D1E3007D1715 /* Main.storyboard in Resources */ = {isa = PBXBuildFile; fileRef = AA7DE8782360D1E3007D1715 /* Main.storyboard */; };
		AA7DE87C2360D1E6007D1715 /* Assets.xcassets in Resources */ = {isa = PBXBuildFile; fileRef = AA7DE87B2360D1E6007D1715 /* Assets.xcassets */; };
		AA7DE87F2360D1E6007D1715 /* LaunchScreen.storyboard in Resources */ = {isa = PBXBuildFile; fileRef = AA7DE87D2360D1E6007D1715 /* LaunchScreen.storyboard */; };
		AA7DE88A2360D1E6007D1715 /* timeLordTests.swift in Sources */ = {isa = PBXBuildFile; fileRef = AA7DE8892360D1E6007D1715 /* timeLordTests.swift */; };
		AA7DE8952360D1E6007D1715 /* timeLordUITests.swift in Sources */ = {isa = PBXBuildFile; fileRef = AA7DE8942360D1E6007D1715 /* timeLordUITests.swift */; };
/* End PBXBuildFile section */

/* Begin PBXContainerItemProxy section */
		AA7DE8862360D1E6007D1715 /* PBXContainerItemProxy */ = {
			isa = PBXContainerItemProxy;
			containerPortal = AA7DE8632360D1E3007D1715 /* Project object */;
			proxyType = 1;
			remoteGlobalIDString = AA7DE86A2360D1E3007D1715;
			remoteInfo = timeLord;
		};
		AA7DE8912360D1E6007D1715 /* PBXContainerItemProxy */ = {
			isa = PBXContainerItemProxy;
			containerPortal = AA7DE8632360D1E3007D1715 /* Project object */;
			proxyType = 1;
			remoteGlobalIDString = AA7DE86A2360D1E3007D1715;
			remoteInfo = timeLord;
		};
/* End PBXContainerItemProxy section */

/* Begin PBXFileReference section */
		171ECA0E2360D6E900CF4E5B /* DelMe.swift */ = {isa = PBXFileReference; lastKnownFileType = sourcecode.swift; name = DelMe.swift; path = timeLord/DelMe.swift; sourceTree = SOURCE_ROOT; };
		AA7DE86B2360D1E3007D1715 /* timeLord.app */ = {isa = PBXFileReference; explicitFileType = wrapper.application; includeInIndex = 0; path = timeLord.app; sourceTree = BUILT_PRODUCTS_DIR; };
		AA7DE86E2360D1E3007D1715 /* AppDelegate.swift */ = {isa = PBXFileReference; lastKnownFileType = sourcecode.swift; path = AppDelegate.swift; sourceTree = "<group>"; };
		AA7DE8702360D1E3007D1715 /* GameScene.sks */ = {isa = PBXFileReference; lastKnownFileType = file.sks; path = GameScene.sks; sourceTree = "<group>"; };
		AA7DE8722360D1E3007D1715 /* Actions.sks */ = {isa = PBXFileReference; lastKnownFileType = file.sks; path = Actions.sks; sourceTree = "<group>"; };
		AA7DE8742360D1E3007D1715 /* GameScene.swift */ = {isa = PBXFileReference; lastKnownFileType = sourcecode.swift; path = GameScene.swift; sourceTree = "<group>"; };
		AA7DE8762360D1E3007D1715 /* GameViewController.swift */ = {isa = PBXFileReference; lastKnownFileType = sourcecode.swift; path = GameViewController.swift; sourceTree = "<group>"; };
		AA7DE8792360D1E3007D1715 /* Base */ = {isa = PBXFileReference; lastKnownFileType = file.storyboard; name = Base; path = Base.lproj/Main.storyboard; sourceTree = "<group>"; };
		AA7DE87B2360D1E6007D1715 /* Assets.xcassets */ = {isa = PBXFileReference; lastKnownFileType = folder.assetcatalog; path = Assets.xcassets; sourceTree = "<group>"; };
		AA7DE87E2360D1E6007D1715 /* Base */ = {isa = PBXFileReference; lastKnownFileType = file.storyboard; name = Base; path = Base.lproj/LaunchScreen.storyboard; sourceTree = "<group>"; };
		AA7DE8802360D1E6007D1715 /* Info.plist */ = {isa = PBXFileReference; lastKnownFileType = text.plist.xml; path = Info.plist; sourceTree = "<group>"; };
		AA7DE8852360D1E6007D1715 /* timeLordTests.xctest */ = {isa = PBXFileReference; explicitFileType = wrapper.cfbundle; includeInIndex = 0; path = timeLordTests.xctest; sourceTree = BUILT_PRODUCTS_DIR; };
		AA7DE8892360D1E6007D1715 /* timeLordTests.swift */ = {isa = PBXFileReference; lastKnownFileType = sourcecode.swift; path = timeLordTests.swift; sourceTree = "<group>"; };
		AA7DE88B2360D1E6007D1715 /* Info.plist */ = {isa = PBXFileReference; lastKnownFileType = text.plist.xml; path = Info.plist; sourceTree = "<group>"; };
		AA7DE8902360D1E6007D1715 /* timeLordUITests.xctest */ = {isa = PBXFileReference; explicitFileType = wrapper.cfbundle; includeInIndex = 0; path = timeLordUITests.xctest; sourceTree = BUILT_PRODUCTS_DIR; };
		AA7DE8942360D1E6007D1715 /* timeLordUITests.swift */ = {isa = PBXFileReference; lastKnownFileType = sourcecode.swift; path = timeLordUITests.swift; sourceTree = "<group>"; };
		AA7DE8962360D1E6007D1715 /* Info.plist */ = {isa = PBXFileReference; lastKnownFileType = text.plist.xml; path = Info.plist; sourceTree = "<group>"; };
/* End PBXFileReference section */

/* Begin PBXFrameworksBuildPhase section */
		AA7DE8682360D1E3007D1715 /* Frameworks */ = {
			isa = PBXFrameworksBuildPhase;
			buildActionMask = 2147483647;
			files = (
			);
			runOnlyForDeploymentPostprocessing = 0;
		};
		AA7DE8822360D1E6007D1715 /* Frameworks */ = {
			isa = PBXFrameworksBuildPhase;
			buildActionMask = 2147483647;
			files = (
			);
			runOnlyForDeploymentPostprocessing = 0;
		};
		AA7DE88D2360D1E6007D1715 /* Frameworks */ = {
			isa = PBXFrameworksBuildPhase;
			buildActionMask = 2147483647;
			files = (
			);
			runOnlyForDeploymentPostprocessing = 0;
		};
/* End PBXFrameworksBuildPhase section */

/* Begin PBXGroup section */
		AA7DE8622360D1E3007D1715 = {
			isa = PBXGroup;
			children = (
				AA7DE86D2360D1E3007D1715 /* timeLord */,
				AA7DE8882360D1E6007D1715 /* timeLordTests */,
				AA7DE8932360D1E6007D1715 /* timeLordUITests */,
				AA7DE86C2360D1E3007D1715 /* Products */,
			);
			sourceTree = "<group>";
		};
		AA7DE86C2360D1E3007D1715 /* Products */ = {
			isa = PBXGroup;
			children = (
				AA7DE86B2360D1E3007D1715 /* timeLord.app */,
				AA7DE8852360D1E6007D1715 /* timeLordTests.xctest */,
				AA7DE8902360D1E6007D1715 /* timeLordUITests.xctest */,
			);
			name = Products;
			sourceTree = "<group>";
		};
		AA7DE86D2360D1E3007D1715 /* timeLord */ = {
			isa = PBXGroup;
			children = (
				AA7DE86E2360D1E3007D1715 /* AppDelegate.swift */,
				AA7DE8702360D1E3007D1715 /* GameScene.sks */,
				AA7DE8722360D1E3007D1715 /* Actions.sks */,
				AA7DE8742360D1E3007D1715 /* GameScene.swift */,
				AA7DE8762360D1E3007D1715 /* GameViewController.swift */,
				AA7DE8782360D1E3007D1715 /* Main.storyboard */,
				AA7DE87B2360D1E6007D1715 /* Assets.xcassets */,
				AA7DE87D2360D1E6007D1715 /* LaunchScreen.storyboard */,
				AA7DE8802360D1E6007D1715 /* Info.plist */,
				171ECA0E2360D6E900CF4E5B /* DelMe.swift */,
			);
			path = timeLord;
			sourceTree = "<group>";
		};
		AA7DE8882360D1E6007D1715 /* timeLordTests */ = {
			isa = PBXGroup;
			children = (
				AA7DE8892360D1E6007D1715 /* timeLordTests.swift */,
				AA7DE88B2360D1E6007D1715 /* Info.plist */,
			);
			path = timeLordTests;
			sourceTree = "<group>";
		};
		AA7DE8932360D1E6007D1715 /* timeLordUITests */ = {
			isa = PBXGroup;
			children = (
				AA7DE8942360D1E6007D1715 /* timeLordUITests.swift */,
				AA7DE8962360D1E6007D1715 /* Info.plist */,
			);
			path = timeLordUITests;
			sourceTree = "<group>";
		};
/* End PBXGroup section */

/* Begin PBXNativeTarget section */
		AA7DE86A2360D1E3007D1715 /* timeLord */ = {
			isa = PBXNativeTarget;
			buildConfigurationList = AA7DE8992360D1E6007D1715 /* Build configuration list for PBXNativeTarget "timeLord" */;
			buildPhases = (
				AA7DE8672360D1E3007D1715 /* Sources */,
				AA7DE8682360D1E3007D1715 /* Frameworks */,
				AA7DE8692360D1E3007D1715 /* Resources */,
			);
			buildRules = (
			);
			dependencies = (
			);
			name = timeLord;
			productName = timeLord;
			productReference = AA7DE86B2360D1E3007D1715 /* timeLord.app */;
			productType = "com.apple.product-type.application";
		};
		AA7DE8842360D1E6007D1715 /* timeLordTests */ = {
			isa = PBXNativeTarget;
			buildConfigurationList = AA7DE89C2360D1E6007D1715 /* Build configuration list for PBXNativeTarget "timeLordTests" */;
			buildPhases = (
				AA7DE8812360D1E6007D1715 /* Sources */,
				AA7DE8822360D1E6007D1715 /* Frameworks */,
				AA7DE8832360D1E6007D1715 /* Resources */,
			);
			buildRules = (
			);
			dependencies = (
				AA7DE8872360D1E6007D1715 /* PBXTargetDependency */,
			);
			name = timeLordTests;
			productName = timeLordTests;
			productReference = AA7DE8852360D1E6007D1715 /* timeLordTests.xctest */;
			productType = "com.apple.product-type.bundle.unit-test";
		};
		AA7DE88F2360D1E6007D1715 /* timeLordUITests */ = {
			isa = PBXNativeTarget;
			buildConfigurationList = AA7DE89F2360D1E6007D1715 /* Build configuration list for PBXNativeTarget "timeLordUITests" */;
			buildPhases = (
				AA7DE88C2360D1E6007D1715 /* Sources */,
				AA7DE88D2360D1E6007D1715 /* Frameworks */,
				AA7DE88E2360D1E6007D1715 /* Resources */,
			);
			buildRules = (
			);
			dependencies = (
				AA7DE8922360D1E6007D1715 /* PBXTargetDependency */,
			);
			name = timeLordUITests;
			productName = timeLordUITests;
			productReference = AA7DE8902360D1E6007D1715 /* timeLordUITests.xctest */;
			productType = "com.apple.product-type.bundle.ui-testing";
		};
/* End PBXNativeTarget section */

/* Begin PBXProject section */
		AA7DE8632360D1E3007D1715 /* Project object */ = {
			isa = PBXProject;
			attributes = {
				LastSwiftUpdateCheck = 1110;
				LastUpgradeCheck = 1110;
				ORGANIZATIONNAME = "Alan Tingey";
				TargetAttributes = {
					AA7DE86A2360D1E3007D1715 = {
						CreatedOnToolsVersion = 11.1;
					};
					AA7DE8842360D1E6007D1715 = {
						CreatedOnToolsVersion = 11.1;
						TestTargetID = AA7DE86A2360D1E3007D1715;
					};
					AA7DE88F2360D1E6007D1715 = {
						CreatedOnToolsVersion = 11.1;
						TestTargetID = AA7DE86A2360D1E3007D1715;
					};
				};
			};
			buildConfigurationList = AA7DE8662360D1E3007D1715 /* Build configuration list for PBXProject "timeLord" */;
			compatibilityVersion = "Xcode 9.3";
			developmentRegion = en;
			hasScannedForEncodings = 0;
			knownRegions = (
				en,
				Base,
			);
			mainGroup = AA7DE8622360D1E3007D1715;
			productRefGroup = AA7DE86C2360D1E3007D1715 /* Products */;
			projectDirPath = "";
			projectRoot = "";
			targets = (
				AA7DE86A2360D1E3007D1715 /* timeLord */,
				AA7DE8842360D1E6007D1715 /* timeLordTests */,
				AA7DE88F2360D1E6007D1715 /* timeLordUITests */,
			);
		};
/* End PBXProject section */

/* Begin PBXResourcesBuildPhase section */
		AA7DE8692360D1E3007D1715 /* Resources */ = {
			isa = PBXResourcesBuildPhase;
			buildActionMask = 2147483647;
			files = (
				AA7DE87A2360D1E3007D1715 /* Main.storyboard in Resources */,
				AA7DE8712360D1E3007D1715 /* GameScene.sks in Resources */,
				AA7DE87C2360D1E6007D1715 /* Assets.xcassets in Resources */,
				AA7DE87F2360D1E6007D1715 /* LaunchScreen.storyboard in Resources */,
				AA7DE8732360D1E3007D1715 /* Actions.sks in Resources */,
			);
			runOnlyForDeploymentPostprocessing = 0;
		};
		AA7DE8832360D1E6007D1715 /* Resources */ = {
			isa = PBXResourcesBuildPhase;
			buildActionMask = 2147483647;
			files = (
			);
			runOnlyForDeploymentPostprocessing = 0;
		};
		AA7DE88E2360D1E6007D1715 /* Resources */ = {
			isa = PBXResourcesBuildPhase;
			buildActionMask = 2147483647;
			files = (
			);
			runOnlyForDeploymentPostprocessing = 0;
		};
/* End PBXResourcesBuildPhase section */

/* Begin PBXSourcesBuildPhase section */
		AA7DE8672360D1E3007D1715 /* Sources */ = {
			isa = PBXSourcesBuildPhase;
			buildActionMask = 2147483647;
			files = (
				AA7DE8752360D1E3007D1715 /* GameScene.swift in Sources */,
				171ECA0F2360D6E900CF4E5B /* DelMe.swift in Sources */,
				AA7DE8772360D1E3007D1715 /* GameViewController.swift in Sources */,
				AA7DE86F2360D1E3007D1715 /* AppDelegate.swift in Sources */,
			);
			runOnlyForDeploymentPostprocessing = 0;
		};
		AA7DE8812360D1E6007D1715 /* Sources */ = {
			isa = PBXSourcesBuildPhase;
			buildActionMask = 2147483647;
			files = (
				AA7DE88A2360D1E6007D1715 /* timeLordTests.swift in Sources */,
			);
			runOnlyForDeploymentPostprocessing = 0;
		};
		AA7DE88C2360D1E6007D1715 /* Sources */ = {
			isa = PBXSourcesBuildPhase;
			buildActionMask = 2147483647;
			files = (
				AA7DE8952360D1E6007D1715 /* timeLordUITests.swift in Sources */,
			);
			runOnlyForDeploymentPostprocessing = 0;
		};
/* End PBXSourcesBuildPhase section */

/* Begin PBXTargetDependency section */
		AA7DE8872360D1E6007D1715 /* PBXTargetDependency */ = {
			isa = PBXTargetDependency;
			target = AA7DE86A2360D1E3007D1715 /* timeLord */;
			targetProxy = AA7DE8862360D1E6007D1715 /* PBXContainerItemProxy */;
		};
		AA7DE8922360D1E6007D1715 /* PBXTargetDependency */ = {
			isa = PBXTargetDependency;
			target = AA7DE86A2360D1E3007D1715 /* timeLord */;
			targetProxy = AA7DE8912360D1E6007D1715 /* PBXContainerItemProxy */;
		};
/* End PBXTargetDependency section */

/* Begin PBXVariantGroup section */
		AA7DE8782360D1E3007D1715 /* Main.storyboard */ = {
			isa = PBXVariantGroup;
			children = (
				AA7DE8792360D1E3007D1715 /* Base */,
			);
			name = Main.storyboard;
			sourceTree = "<group>";
		};
		AA7DE87D2360D1E6007D1715 /* LaunchScreen.storyboard */ = {
			isa = PBXVariantGroup;
			children = (
				AA7DE87E2360D1E6007D1715 /* Base */,
			);
			name = LaunchScreen.storyboard;
			sourceTree = "<group>";
		};
/* End PBXVariantGroup section */

/* Begin XCBuildConfiguration section */
		AA7DE8972360D1E6007D1715 /* Debug */ = {
			isa = XCBuildConfiguration;
			buildSettings = {
				ALWAYS_SEARCH_USER_PATHS = NO;
				CLANG_ANALYZER_NONNULL = YES;
				CLANG_ANALYZER_NUMBER_OBJECT_CONVERSION = YES_AGGRESSIVE;
				CLANG_CXX_LANGUAGE_STANDARD = "gnu++14";
				CLANG_CXX_LIBRARY = "libc++";
				CLANG_ENABLE_MODULES = YES;
				CLANG_ENABLE_OBJC_ARC = YES;
				CLANG_ENABLE_OBJC_WEAK = YES;
				CLANG_WARN_BLOCK_CAPTURE_AUTORELEASING = YES;
				CLANG_WARN_BOOL_CONVERSION = YES;
				CLANG_WARN_COMMA = YES;
				CLANG_WARN_CONSTANT_CONVERSION = YES;
				CLANG_WARN_DEPRECATED_OBJC_IMPLEMENTATIONS = YES;
				CLANG_WARN_DIRECT_OBJC_ISA_USAGE = YES_ERROR;
				CLANG_WARN_DOCUMENTATION_COMMENTS = YES;
				CLANG_WARN_EMPTY_BODY = YES;
				CLANG_WARN_ENUM_CONVERSION = YES;
				CLANG_WARN_INFINITE_RECURSION = YES;
				CLANG_WARN_INT_CONVERSION = YES;
				CLANG_WARN_NON_LITERAL_NULL_CONVERSION = YES;
				CLANG_WARN_OBJC_IMPLICIT_RETAIN_SELF = YES;
				CLANG_WARN_OBJC_LITERAL_CONVERSION = YES;
				CLANG_WARN_OBJC_ROOT_CLASS = YES_ERROR;
				CLANG_WARN_RANGE_LOOP_ANALYSIS = YES;
				CLANG_WARN_STRICT_PROTOTYPES = YES;
				CLANG_WARN_SUSPICIOUS_MOVE = YES;
				CLANG_WARN_UNGUARDED_AVAILABILITY = YES_AGGRESSIVE;
				CLANG_WARN_UNREACHABLE_CODE = YES;
				CLANG_WARN__DUPLICATE_METHOD_MATCH = YES;
				COPY_PHASE_STRIP = NO;
				DEBUG_INFORMATION_FORMAT = dwarf;
				ENABLE_STRICT_OBJC_MSGSEND = YES;
				ENABLE_TESTABILITY = YES;
				GCC_C_LANGUAGE_STANDARD = gnu11;
				GCC_DYNAMIC_NO_PIC = NO;
				GCC_NO_COMMON_BLOCKS = YES;
				GCC_OPTIMIZATION_LEVEL = 0;
				GCC_PREPROCESSOR_DEFINITIONS = (
					"DEBUG=1",
					"$(inherited)",
				);
				GCC_WARN_64_TO_32_BIT_CONVERSION = YES;
				GCC_WARN_ABOUT_RETURN_TYPE = YES_ERROR;
				GCC_WARN_UNDECLARED_SELECTOR = YES;
				GCC_WARN_UNINITIALIZED_AUTOS = YES_AGGRESSIVE;
				GCC_WARN_UNUSED_FUNCTION = YES;
				GCC_WARN_UNUSED_VARIABLE = YES;
				IPHONEOS_DEPLOYMENT_TARGET = 13.1;
				MTL_ENABLE_DEBUG_INFO = INCLUDE_SOURCE;
				MTL_FAST_MATH = YES;
				ONLY_ACTIVE_ARCH = YES;
				SDKROOT = iphoneos;
				SWIFT_ACTIVE_COMPILATION_CONDITIONS = DEBUG;
				SWIFT_OPTIMIZATION_LEVEL = "-Onone";
			};
			name = Debug;
		};
		AA7DE8982360D1E6007D1715 /* Release */ = {
			isa = XCBuildConfiguration;
			buildSettings = {
				ALWAYS_SEARCH_USER_PATHS = NO;
				CLANG_ANALYZER_NONNULL = YES;
				CLANG_ANALYZER_NUMBER_OBJECT_CONVERSION = YES_AGGRESSIVE;
				CLANG_CXX_LANGUAGE_STANDARD = "gnu++14";
				CLANG_CXX_LIBRARY = "libc++";
				CLANG_ENABLE_MODULES = YES;
				CLANG_ENABLE_OBJC_ARC = YES;
				CLANG_ENABLE_OBJC_WEAK = YES;
				CLANG_WARN_BLOCK_CAPTURE_AUTORELEASING = YES;
				CLANG_WARN_BOOL_CONVERSION = YES;
				CLANG_WARN_COMMA = YES;
				CLANG_WARN_CONSTANT_CONVERSION = YES;
				CLANG_WARN_DEPRECATED_OBJC_IMPLEMENTATIONS = YES;
				CLANG_WARN_DIRECT_OBJC_ISA_USAGE = YES_ERROR;
				CLANG_WARN_DOCUMENTATION_COMMENTS = YES;
				CLANG_WARN_EMPTY_BODY = YES;
				CLANG_WARN_ENUM_CONVERSION = YES;
				CLANG_WARN_INFINITE_RECURSION = YES;
				CLANG_WARN_INT_CONVERSION = YES;
				CLANG_WARN_NON_LITERAL_NULL_CONVERSION = YES;
				CLANG_WARN_OBJC_IMPLICIT_RETAIN_SELF = YES;
				CLANG_WARN_OBJC_LITERAL_CONVERSION = YES;
				CLANG_WARN_OBJC_ROOT_CLASS = YES_ERROR;
				CLANG_WARN_RANGE_LOOP_ANALYSIS = YES;
				CLANG_WARN_STRICT_PROTOTYPES = YES;
				CLANG_WARN_SUSPICIOUS_MOVE = YES;
				CLANG_WARN_UNGUARDED_AVAILABILITY = YES_AGGRESSIVE;
				CLANG_WARN_UNREACHABLE_CODE = YES;
				CLANG_WARN__DUPLICATE_METHOD_MATCH = YES;
				COPY_PHASE_STRIP = NO;
				DEBUG_INFORMATION_FORMAT = "dwarf-with-dsym";
				ENABLE_NS_ASSERTIONS = NO;
				ENABLE_STRICT_OBJC_MSGSEND = YES;
				GCC_C_LANGUAGE_STANDARD = gnu11;
				GCC_NO_COMMON_BLOCKS = YES;
				GCC_WARN_64_TO_32_BIT_CONVERSION = YES;
				GCC_WARN_ABOUT_RETURN_TYPE = YES_ERROR;
				GCC_WARN_UNDECLARED_SELECTOR = YES;
				GCC_WARN_UNINITIALIZED_AUTOS = YES_AGGRESSIVE;
				GCC_WARN_UNUSED_FUNCTION = YES;
				GCC_WARN_UNUSED_VARIABLE = YES;
				IPHONEOS_DEPLOYMENT_TARGET = 13.1;
				MTL_ENABLE_DEBUG_INFO = NO;
				MTL_FAST_MATH = YES;
				SDKROOT = iphoneos;
				SWIFT_COMPILATION_MODE = wholemodule;
				SWIFT_OPTIMIZATION_LEVEL = "-O";
				VALIDATE_PRODUCT = YES;
			};
			name = Release;
		};
		AA7DE89A2360D1E6007D1715 /* Debug */ = {
			isa = XCBuildConfiguration;
			buildSettings = {
				ASSETCATALOG_COMPILER_APPICON_NAME = AppIcon;
				CODE_SIGN_STYLE = Automatic;
				DEVELOPMENT_TEAM = JXVN8T3833;
				INFOPLIST_FILE = timeLord/Info.plist;
				LD_RUNPATH_SEARCH_PATHS = (
					"$(inherited)",
					"@executable_path/Frameworks",
				);
				PRODUCT_BUNDLE_IDENTIFIER = com.btr.timeLord;
				PRODUCT_NAME = "$(TARGET_NAME)";
				SWIFT_VERSION = 5.0;
				TARGETED_DEVICE_FAMILY = "1,2";
			};
			name = Debug;
		};
		AA7DE89B2360D1E6007D1715 /* Release */ = {
			isa = XCBuildConfiguration;
			buildSettings = {
				ASSETCATALOG_COMPILER_APPICON_NAME = AppIcon;
				CODE_SIGN_STYLE = Automatic;
				DEVELOPMENT_TEAM = JXVN8T3833;
				INFOPLIST_FILE = timeLord/Info.plist;
				LD_RUNPATH_SEARCH_PATHS = (
					"$(inherited)",
					"@executable_path/Frameworks",
				);
				PRODUCT_BUNDLE_IDENTIFIER = com.btr.timeLord;
				PRODUCT_NAME = "$(TARGET_NAME)";
				SWIFT_VERSION = 5.0;
				TARGETED_DEVICE_FAMILY = "1,2";
			};
			name = Release;
		};
		AA7DE89D2360D1E6007D1715 /* Debug */ = {
			isa = XCBuildConfiguration;
			buildSettings = {
				ALWAYS_EMBED_SWIFT_STANDARD_LIBRARIES = YES;
				BUNDLE_LOADER = "$(TEST_HOST)";
				CODE_SIGN_STYLE = Automatic;
				DEVELOPMENT_TEAM = JXVN8T3833;
				INFOPLIST_FILE = timeLordTests/Info.plist;
				IPHONEOS_DEPLOYMENT_TARGET = 13.1;
				LD_RUNPATH_SEARCH_PATHS = (
					"$(inherited)",
					"@executable_path/Frameworks",
					"@loader_path/Frameworks",
				);
				PRODUCT_BUNDLE_IDENTIFIER = com.btr.timeLordTests;
				PRODUCT_NAME = "$(TARGET_NAME)";
				SWIFT_VERSION = 5.0;
				TARGETED_DEVICE_FAMILY = "1,2";
				TEST_HOST = "$(BUILT_PRODUCTS_DIR)/timeLord.app/timeLord";
			};
			name = Debug;
		};
		AA7DE89E2360D1E6007D1715 /* Release */ = {
			isa = XCBuildConfiguration;
			buildSettings = {
				ALWAYS_EMBED_SWIFT_STANDARD_LIBRARIES = YES;
				BUNDLE_LOADER = "$(TEST_HOST)";
				CODE_SIGN_STYLE = Automatic;
				DEVELOPMENT_TEAM = JXVN8T3833;
				INFOPLIST_FILE = timeLordTests/Info.plist;
				IPHONEOS_DEPLOYMENT_TARGET = 13.1;
				LD_RUNPATH_SEARCH_PATHS = (
					"$(inherited)",
					"@executable_path/Frameworks",
					"@loader_path/Frameworks",
				);
				PRODUCT_BUNDLE_IDENTIFIER = com.btr.timeLordTests;
				PRODUCT_NAME = "$(TARGET_NAME)";
				SWIFT_VERSION = 5.0;
				TARGETED_DEVICE_FAMILY = "1,2";
				TEST_HOST = "$(BUILT_PRODUCTS_DIR)/timeLord.app/timeLord";
			};
			name = Release;
		};
		AA7DE8A02360D1E6007D1715 /* Debug */ = {
			isa = XCBuildConfiguration;
			buildSettings = {
				ALWAYS_EMBED_SWIFT_STANDARD_LIBRARIES = YES;
				CODE_SIGN_STYLE = Automatic;
				DEVELOPMENT_TEAM = JXVN8T3833;
				INFOPLIST_FILE = timeLordUITests/Info.plist;
				LD_RUNPATH_SEARCH_PATHS = (
					"$(inherited)",
					"@executable_path/Frameworks",
					"@loader_path/Frameworks",
				);
				PRODUCT_BUNDLE_IDENTIFIER = com.btr.timeLordUITests;
				PRODUCT_NAME = "$(TARGET_NAME)";
				SWIFT_VERSION = 5.0;
				TARGETED_DEVICE_FAMILY = "1,2";
				TEST_TARGET_NAME = timeLord;
			};
			name = Debug;
		};
		AA7DE8A12360D1E6007D1715 /* Release */ = {
			isa = XCBuildConfiguration;
			buildSettings = {
				ALWAYS_EMBED_SWIFT_STANDARD_LIBRARIES = YES;
				CODE_SIGN_STYLE = Automatic;
				DEVELOPMENT_TEAM = JXVN8T3833;
				INFOPLIST_FILE = timeLordUITests/Info.plist;
				LD_RUNPATH_SEARCH_PATHS = (
					"$(inherited)",
					"@executable_path/Frameworks",
					"@loader_path/Frameworks",
				);
				PRODUCT_BUNDLE_IDENTIFIER = com.btr.timeLordUITests;
				PRODUCT_NAME = "$(TARGET_NAME)";
				SWIFT_VERSION = 5.0;
				TARGETED_DEVICE_FAMILY = "1,2";
				TEST_TARGET_NAME = timeLord;
			};
			name = Release;
		};
/* End XCBuildConfiguration section */

/* Begin XCConfigurationList section */
		AA7DE8662360D1E3007D1715 /* Build configuration list for PBXProject "timeLord" */ = {
			isa = XCConfigurationList;
			buildConfigurations = (
				AA7DE8972360D1E6007D1715 /* Debug */,
				AA7DE8982360D1E6007D1715 /* Release */,
			);
			defaultConfigurationIsVisible = 0;
			defaultConfigurationName = Release;
		};
		AA7DE8992360D1E6007D1715 /* Build configuration list for PBXNativeTarget "timeLord" */ = {
			isa = XCConfigurationList;
			buildConfigurations = (
				AA7DE89A2360D1E6007D1715 /* Debug */,
				AA7DE89B2360D1E6007D1715 /* Release */,
			);
			defaultConfigurationIsVisible = 0;
			defaultConfigurationName = Release;
		};
		AA7DE89C2360D1E6007D1715 /* Build configuration list for PBXNativeTarget "timeLordTests" */ = {
			isa = XCConfigurationList;
			buildConfigurations = (
				AA7DE89D2360D1E6007D1715 /* Debug */,
				AA7DE89E2360D1E6007D1715 /* Release */,
			);
			defaultConfigurationIsVisible = 0;
			defaultConfigurationName = Release;
		};
		AA7DE89F2360D1E6007D1715 /* Build configuration list for PBXNativeTarget "timeLordUITests" */ = {
			isa = XCConfigurationList;
			buildConfigurations = (
				AA7DE8A02360D1E6007D1715 /* Debug */,
				AA7DE8A12360D1E6007D1715 /* Release */,
			);
			defaultConfigurationIsVisible = 0;
			defaultConfigurationName = Release;
		};
/* End XCConfigurationList section */
	};
	rootObject = AA7DE8632360D1E3007D1715 /* Project object */;
}
